
Microsoft Visual Studio Solution File, Format Version 11.00
# Visual Studio 2010
Project("{FAE04EC0-301F-11D3-BF4B-00C04F79EFBC}") = "Kinect Unity", "Assembly-CSharp.csproj", "{1DDE8B25-42CB-CFDA-EA4C-28EFC124981C}"
EndProject
Project("{FAE04EC0-301F-11D3-BF4B-00C04F79EFBC}") = "Kinect Unity", "Assembly-CSharp-Editor.csproj", "{3A985E9A-F45A-9E84-9157-37B5350B5850}"
EndProject
Global
	GlobalSection(SolutionConfigurationPlatforms) = preSolution
		Debug|Any CPU = Debug|Any CPU
		Release|Any CPU = Release|Any CPU
	EndGlobalSection
	GlobalSection(ProjectConfigurationPlatforms) = postSolution
		{1DDE8B25-42CB-CFDA-EA4C-28EFC124981C}.Debug|Any CPU.ActiveCfg = Debug|Any CPU
		{1DDE8B25-42CB-CFDA-EA4C-28EFC124981C}.Debug|Any CPU.Build.0 = Debug|Any CPU
		{1DDE8B25-42CB-CFDA-EA4C-28EFC124981C}.Release|Any CPU.ActiveCfg = Release|Any CPU
		{1DDE8B25-42CB-CFDA-EA4C-28EFC124981C}.Release|Any CPU.Build.0 = Release|Any CPU
		{3A985E9A-F45A-9E84-9157-37B5350B5850}.Debug|Any CPU.ActiveCfg = Debug|Any CPU
		{3A985E9A-F45A-9E84-9157-37B5350B5850}.Debug|Any CPU.Build.0 = Debug|Any CPU
		{3A985E9A-F45A-9E84-9157-37B5350B5850}.Release|Any CPU.ActiveCfg = Release|Any CPU
		{3A985E9A-F45A-9E84-9157-37B5350B5850}.Release|Any CPU.Build.0 = Release|Any CPU
	EndGlobalSection
	GlobalSection(SolutionProperties) = preSolution
		HideSolutionNode = FALSE
	EndGlobalSection
	GlobalSection(MonoDevelopProperties) = preSolution
		StartupItem = Assembly-CSharp.csproj
	EndGlobalSection
EndGlobal
